
Microsoft Visual Studio Solution File, Format Version 12.00
# Visual Studio Version 17
VisualStudioVersion = 17.13.35931.197 d17.13
MinimumVisualStudioVersion = 10.0.40219.1
Project("{FAE04EC0-301F-11D3-BF4B-00C04F79EFBC}") = "EmployeeManagement", "EmployeeManagement\EmployeeManagement.csproj", "{CF929684-4D1D-415C-BB98-B2A531520BD7}"
EndProject
Global
	GlobalSection(SolutionConfigurationPlatforms) = preSolution
		Debug|Any CPU = Debug|Any CPU
		Release|Any CPU = Release|Any CPU
	EndGlobalSection
	GlobalSection(ProjectConfigurationPlatforms) = postSolution
		{CF929684-4D1D-415C-BB98-B2A531520BD7}.Debug|Any CPU.ActiveCfg = Debug|Any CPU
		{CF929684-4D1D-415C-BB98-B2A531520BD7}.Debug|Any CPU.Build.0 = Debug|Any CPU
		{CF929684-4D1D-415C-BB98-B2A531520BD7}.Release|Any CPU.ActiveCfg = Release|Any CPU
		{CF929684-4D1D-415C-BB98-B2A531520BD7}.Release|Any CPU.Build.0 = Release|Any CPU
	EndGlobalSection
	GlobalSection(SolutionProperties) = preSolution
		HideSolutionNode = FALSE
	EndGlobalSection
	GlobalSection(ExtensibilityGlobals) = postSolution
		SolutionGuid = {5550F262-2F54-4EEE-8BA8-2E5BB36DEAD7}
	EndGlobalSection
EndGlobal
